
Microsoft Visual Studio Solution File, Format Version 12.00
# Visual Studio Version 16
VisualStudioVersion = 16.0.31205.134
MinimumVisualStudioVersion = 10.0.40219.1
Project("{FAE04EC0-301F-11D3-BF4B-00C04F79EFBC}") = "KiemThuHopTrang", "KiemThuHopTrang.csproj", "{84EAFAE0-1AA2-4B7E-9518-CA2B7921FFD6}"
EndProject
Global
	GlobalSection(SolutionConfigurationPlatforms) = preSolution
		Debug|Any CPU = Debug|Any CPU
		Release|Any CPU = Release|Any CPU
	EndGlobalSection
	GlobalSection(ProjectConfigurationPlatforms) = postSolution
		{84EAFAE0-1AA2-4B7E-9518-CA2B7921FFD6}.Debug|Any CPU.ActiveCfg = Debug|Any CPU
		{84EAFAE0-1AA2-4B7E-9518-CA2B7921FFD6}.Debug|Any CPU.Build.0 = Debug|Any CPU
		{84EAFAE0-1AA2-4B7E-9518-CA2B7921FFD6}.Release|Any CPU.ActiveCfg = Release|Any CPU
		{84EAFAE0-1AA2-4B7E-9518-CA2B7921FFD6}.Release|Any CPU.Build.0 = Release|Any CPU
	EndGlobalSection
	GlobalSection(SolutionProperties) = preSolution
		HideSolutionNode = FALSE
	EndGlobalSection
	GlobalSection(ExtensibilityGlobals) = postSolution
		SolutionGuid = {FA87B3A7-C1D8-4A14-AE62-CD13A5CF0D2F}
	EndGlobalSection
EndGlobal
