
Microsoft Visual Studio Solution File, Format Version 12.00
# Visual Studio Version 16
VisualStudioVersion = 16.0.31205.134
MinimumVisualStudioVersion = 10.0.40219.1
Project("{FAE04EC0-301F-11D3-BF4B-00C04F79EFBC}") = "KiemThuHopDen", "KiemThuHopDen.csproj", "{3B67384A-6475-4C2F-90BC-5382107D0FD5}"
EndProject
Global
	GlobalSection(SolutionConfigurationPlatforms) = preSolution
		Debug|Any CPU = Debug|Any CPU
		Release|Any CPU = Release|Any CPU
	EndGlobalSection
	GlobalSection(ProjectConfigurationPlatforms) = postSolution
		{3B67384A-6475-4C2F-90BC-5382107D0FD5}.Debug|Any CPU.ActiveCfg = Debug|Any CPU
		{3B67384A-6475-4C2F-90BC-5382107D0FD5}.Debug|Any CPU.Build.0 = Debug|Any CPU
		{3B67384A-6475-4C2F-90BC-5382107D0FD5}.Release|Any CPU.ActiveCfg = Release|Any CPU
		{3B67384A-6475-4C2F-90BC-5382107D0FD5}.Release|Any CPU.Build.0 = Release|Any CPU
	EndGlobalSection
	GlobalSection(SolutionProperties) = preSolution
		HideSolutionNode = FALSE
	EndGlobalSection
	GlobalSection(ExtensibilityGlobals) = postSolution
		SolutionGuid = {19026A07-0674-41A2-B474-238C76844256}
	EndGlobalSection
EndGlobal
